
Microsoft Visual Studio Solution File, Format Version 12.00
# Visual Studio Version 16
VisualStudioVersion = 16.0.33130.400
MinimumVisualStudioVersion = 10.0.40219.1
Project("{FAE04EC0-301F-11D3-BF4B-00C04F79EFBC}") = "Calculator", "Calculator\Calculator.csproj", "{833491B1-65E0-4426-884C-917CA4B83A06}"
EndProject
Global
	GlobalSection(SolutionConfigurationPlatforms) = preSolution
		Debug|Any CPU = Debug|Any CPU
		Release|Any CPU = Release|Any CPU
	EndGlobalSection
	GlobalSection(ProjectConfigurationPlatforms) = postSolution
		{833491B1-65E0-4426-884C-917CA4B83A06}.Debug|Any CPU.ActiveCfg = Debug|Any CPU
		{833491B1-65E0-4426-884C-917CA4B83A06}.Debug|Any CPU.Build.0 = Debug|Any CPU
		{833491B1-65E0-4426-884C-917CA4B83A06}.Release|Any CPU.ActiveCfg = Release|Any CPU
		{833491B1-65E0-4426-884C-917CA4B83A06}.Release|Any CPU.Build.0 = Release|Any CPU
	EndGlobalSection
	GlobalSection(SolutionProperties) = preSolution
		HideSolutionNode = FALSE
	EndGlobalSection
	GlobalSection(ExtensibilityGlobals) = postSolution
		SolutionGuid = {B86FD0FB-FE2B-41EE-9D58-01D987A1661F}
	EndGlobalSection
EndGlobal
